
Microsoft Visual Studio Solution File, Format Version 12.00
# Visual Studio Version 17
VisualStudioVersion = 17.6.33829.357
MinimumVisualStudioVersion = 10.0.40219.1
Project("{FAE04EC0-301F-11D3-BF4B-00C04F79EFBC}") = "DocumentStorage", "DocumentStorage.csproj", "{45CF84D3-0D79-4584-AF6E-8D3C4962B887}"
EndProject
Global
	GlobalSection(SolutionConfigurationPlatforms) = preSolution
		Debug|Any CPU = Debug|Any CPU
		Release|Any CPU = Release|Any CPU
	EndGlobalSection
	GlobalSection(ProjectConfigurationPlatforms) = postSolution
		{45CF84D3-0D79-4584-AF6E-8D3C4962B887}.Debug|Any CPU.ActiveCfg = Debug|Any CPU
		{45CF84D3-0D79-4584-AF6E-8D3C4962B887}.Debug|Any CPU.Build.0 = Debug|Any CPU
		{45CF84D3-0D79-4584-AF6E-8D3C4962B887}.Release|Any CPU.ActiveCfg = Release|Any CPU
		{45CF84D3-0D79-4584-AF6E-8D3C4962B887}.Release|Any CPU.Build.0 = Release|Any CPU
	EndGlobalSection
	GlobalSection(SolutionProperties) = preSolution
		HideSolutionNode = FALSE
	EndGlobalSection
	GlobalSection(ExtensibilityGlobals) = postSolution
		SolutionGuid = {EE044D63-5CB5-44BB-8366-0B6EB7816412}
	EndGlobalSection
EndGlobal
